// !$*UTF8*$!
{
	archiveVersion = 1;
	classes = {
	};
	objectVersion = 50;
	objects = {

/* Begin PBXBuildFile section */
		7712BEF524EBEBB60002C19D /* CardCollectionViewCell.swift in Sources */ = {isa = PBXBuildFile; fileRef = 7712BEF424EBEBB60002C19D /* CardCollectionViewCell.swift */; };
		772756A324EBB87700A54F52 /* AppDelegate.swift in Sources */ = {isa = PBXBuildFile; fileRef = 772756A224EBB87700A54F52 /* AppDelegate.swift */; };
		772756A524EBB87700A54F52 /* SceneDelegate.swift in Sources */ = {isa = PBXBuildFile; fileRef = 772756A424EBB87700A54F52 /* SceneDelegate.swift */; };
		772756A724EBB87700A54F52 /* ViewController.swift in Sources */ = {isa = PBXBuildFile; fileRef = 772756A624EBB87700A54F52 /* ViewController.swift */; };
		772756AA24EBB87700A54F52 /* Main.storyboard in Resources */ = {isa = PBXBuildFile; fileRef = 772756A824EBB87700A54F52 /* Main.storyboard */; };
		772756AC24EBB87D00A54F52 /* Assets.xcassets in Resources */ = {isa = PBXBuildFile; fileRef = 772756AB24EBB87D00A54F52 /* Assets.xcassets */; };
		772756AF24EBB87D00A54F52 /* LaunchScreen.storyboard in Resources */ = {isa = PBXBuildFile; fileRef = 772756AD24EBB87D00A54F52 /* LaunchScreen.storyboard */; };
		772756B724EBC47900A54F52 /* CardModel.swift in Sources */ = {isa = PBXBuildFile; fileRef = 772756B624EBC47900A54F52 /* CardModel.swift */; };
		772756B924EBC56D00A54F52 /* Card.swift in Sources */ = {isa = PBXBuildFile; fileRef = 772756B824EBC56D00A54F52 /* Card.swift */; };
		777B0A4D24EE8B7D0099CD8B /* dingwrong.wav in Resources */ = {isa = PBXBuildFile; fileRef = 777B0A4924EE8B7D0099CD8B /* dingwrong.wav */; };
		777B0A4E24EE8B7D0099CD8B /* shuffle.wav in Resources */ = {isa = PBXBuildFile; fileRef = 777B0A4A24EE8B7D0099CD8B /* shuffle.wav */; };
		777B0A4F24EE8B7D0099CD8B /* dingcorrect.wav in Resources */ = {isa = PBXBuildFile; fileRef = 777B0A4B24EE8B7D0099CD8B /* dingcorrect.wav */; };
		777B0A5024EE8B7D0099CD8B /* cardflip.wav in Resources */ = {isa = PBXBuildFile; fileRef = 777B0A4C24EE8B7D0099CD8B /* cardflip.wav */; };
		777B0A5224EE8BCC0099CD8B /* SoundManager.swift in Sources */ = {isa = PBXBuildFile; fileRef = 777B0A5124EE8BCC0099CD8B /* SoundManager.swift */; };
/* End PBXBuildFile section */

/* Begin PBXFileReference section */
		7712BEF424EBEBB60002C19D /* CardCollectionViewCell.swift */ = {isa = PBXFileReference; lastKnownFileType = sourcecode.swift; path = CardCollectionViewCell.swift; sourceTree = "<group>"; };
		7727569F24EBB87700A54F52 /* MatchApp.app */ = {isa = PBXFileReference; explicitFileType = wrapper.application; includeInIndex = 0; path = MatchApp.app; sourceTree = BUILT_PRODUCTS_DIR; };
		772756A224EBB87700A54F52 /* AppDelegate.swift */ = {isa = PBXFileReference; lastKnownFileType = sourcecode.swift; path = AppDelegate.swift; sourceTree = "<group>"; };
		772756A424EBB87700A54F52 /* SceneDelegate.swift */ = {isa = PBXFileReference; lastKnownFileType = sourcecode.swift; path = SceneDelegate.swift; sourceTree = "<group>"; };
		772756A624EBB87700A54F52 /* ViewController.swift */ = {isa = PBXFileReference; lastKnownFileType = sourcecode.swift; path = ViewController.swift; sourceTree = "<group>"; };
		772756A924EBB87700A54F52 /* Base */ = {isa = PBXFileReference; lastKnownFileType = file.storyboard; name = Base; path = Base.lproj/Main.storyboard; sourceTree = "<group>"; };
		772756AB24EBB87D00A54F52 /* Assets.xcassets */ = {isa = PBXFileReference; lastKnownFileType = folder.assetcatalog; path = Assets.xcassets; sourceTree = "<group>"; };
		772756AE24EBB87D00A54F52 /* Base */ = {isa = PBXFileReference; lastKnownFileType = file.storyboard; name = Base; path = Base.lproj/LaunchScreen.storyboard; sourceTree = "<group>"; };
		772756B024EBB87D00A54F52 /* Info.plist */ = {isa = PBXFileReference; lastKnownFileType = text.plist.xml; path = Info.plist; sourceTree = "<group>"; };
		772756B624EBC47900A54F52 /* CardModel.swift */ = {isa = PBXFileReference; lastKnownFileType = sourcecode.swift; path = CardModel.swift; sourceTree = "<group>"; };
		772756B824EBC56D00A54F52 /* Card.swift */ = {isa = PBXFileReference; lastKnownFileType = sourcecode.swift; path = Card.swift; sourceTree = "<group>"; };
		777B0A4924EE8B7D0099CD8B /* dingwrong.wav */ = {isa = PBXFileReference; lastKnownFileType = audio.wav; path = dingwrong.wav; sourceTree = "<group>"; };
		777B0A4A24EE8B7D0099CD8B /* shuffle.wav */ = {isa = PBXFileReference; lastKnownFileType = audio.wav; path = shuffle.wav; sourceTree = "<group>"; };
		777B0A4B24EE8B7D0099CD8B /* dingcorrect.wav */ = {isa = PBXFileReference; lastKnownFileType = audio.wav; path = dingcorrect.wav; sourceTree = "<group>"; };
		777B0A4C24EE8B7D0099CD8B /* cardflip.wav */ = {isa = PBXFileReference; lastKnownFileType = audio.wav; path = cardflip.wav; sourceTree = "<group>"; };
		777B0A5124EE8BCC0099CD8B /* SoundManager.swift */ = {isa = PBXFileReference; lastKnownFileType = sourcecode.swift; path = SoundManager.swift; sourceTree = "<group>"; };
/* End PBXFileReference section */

/* Begin PBXFrameworksBuildPhase section */
		7727569C24EBB87700A54F52 /* Frameworks */ = {
			isa = PBXFrameworksBuildPhase;
			buildActionMask = 2147483647;
			files = (
			);
			runOnlyForDeploymentPostprocessing = 0;
		};
/* End PBXFrameworksBuildPhase section */

/* Begin PBXGroup section */
		7727569624EBB87700A54F52 = {
			isa = PBXGroup;
			children = (
				772756A124EBB87700A54F52 /* MatchApp */,
				772756A024EBB87700A54F52 /* Products */,
			);
			sourceTree = "<group>";
		};
		772756A024EBB87700A54F52 /* Products */ = {
			isa = PBXGroup;
			children = (
				7727569F24EBB87700A54F52 /* MatchApp.app */,
			);
			name = Products;
			sourceTree = "<group>";
		};
		772756A124EBB87700A54F52 /* MatchApp */ = {
			isa = PBXGroup;
			children = (
				777B0A4024EE8B2C0099CD8B /* Sounds */,
				772756A224EBB87700A54F52 /* AppDelegate.swift */,
				772756A424EBB87700A54F52 /* SceneDelegate.swift */,
				772756A624EBB87700A54F52 /* ViewController.swift */,
				772756B824EBC56D00A54F52 /* Card.swift */,
				772756B624EBC47900A54F52 /* CardModel.swift */,
				7712BEF424EBEBB60002C19D /* CardCollectionViewCell.swift */,
				777B0A5124EE8BCC0099CD8B /* SoundManager.swift */,
				772756A824EBB87700A54F52 /* Main.storyboard */,
				772756AB24EBB87D00A54F52 /* Assets.xcassets */,
				772756AD24EBB87D00A54F52 /* LaunchScreen.storyboard */,
				772756B024EBB87D00A54F52 /* Info.plist */,
			);
			path = MatchApp;
			sourceTree = "<group>";
		};
		777B0A4024EE8B2C0099CD8B /* Sounds */ = {
			isa = PBXGroup;
			children = (
				777B0A4C24EE8B7D0099CD8B /* cardflip.wav */,
				777B0A4B24EE8B7D0099CD8B /* dingcorrect.wav */,
				777B0A4924EE8B7D0099CD8B /* dingwrong.wav */,
				777B0A4A24EE8B7D0099CD8B /* shuffle.wav */,
			);
			path = Sounds;
			sourceTree = "<group>";
		};
/* End PBXGroup section */

/* Begin PBXNativeTarget section */
		7727569E24EBB87700A54F52 /* MatchApp */ = {
			isa = PBXNativeTarget;
			buildConfigurationList = 772756B324EBB87D00A54F52 /* Build configuration list for PBXNativeTarget "MatchApp" */;
			buildPhases = (
				7727569B24EBB87700A54F52 /* Sources */,
				7727569C24EBB87700A54F52 /* Frameworks */,
				7727569D24EBB87700A54F52 /* Resources */,
			);
			buildRules = (
			);
			dependencies = (
			);
			name = MatchApp;
			productName = MatchApp;
			productReference = 7727569F24EBB87700A54F52 /* MatchApp.app */;
			productType = "com.apple.product-type.application";
		};
/* End PBXNativeTarget section */

/* Begin PBXProject section */
		7727569724EBB87700A54F52 /* Project object */ = {
			isa = PBXProject;
			attributes = {
				LastSwiftUpdateCheck = 1160;
				LastUpgradeCheck = 1160;
				ORGANIZATIONNAME = "Adwithya Magow";
				TargetAttributes = {
					7727569E24EBB87700A54F52 = {
						CreatedOnToolsVersion = 11.6;
					};
				};
			};
			buildConfigurationList = 7727569A24EBB87700A54F52 /* Build configuration list for PBXProject "MatchApp" */;
			compatibilityVersion = "Xcode 9.3";
			developmentRegion = en;
			hasScannedForEncodings = 0;
			knownRegions = (
				en,
				Base,
			);
			mainGroup = 7727569624EBB87700A54F52;
			productRefGroup = 772756A024EBB87700A54F52 /* Products */;
			projectDirPath = "";
			projectRoot = "";
			targets = (
				7727569E24EBB87700A54F52 /* MatchApp */,
			);
		};
/* End PBXProject section */

/* Begin PBXResourcesBuildPhase section */
		7727569D24EBB87700A54F52 /* Resources */ = {
			isa = PBXResourcesBuildPhase;
			buildActionMask = 2147483647;
			files = (
				777B0A4D24EE8B7D0099CD8B /* dingwrong.wav in Resources */,
				772756AF24EBB87D00A54F52 /* LaunchScreen.storyboard in Resources */,
				772756AC24EBB87D00A54F52 /* Assets.xcassets in Resources */,
				777B0A5024EE8B7D0099CD8B /* cardflip.wav in Resources */,
				772756AA24EBB87700A54F52 /* Main.storyboard in Resources */,
				777B0A4E24EE8B7D0099CD8B /* shuffle.wav in Resources */,
				777B0A4F24EE8B7D0099CD8B /* dingcorrect.wav in Resources */,
			);
			runOnlyForDeploymentPostprocessing = 0;
		};
/* End PBXResourcesBuildPhase section */

/* Begin PBXSourcesBuildPhase section */
		7727569B24EBB87700A54F52 /* Sources */ = {
			isa = PBXSourcesBuildPhase;
			buildActionMask = 2147483647;
			files = (
				772756A724EBB87700A54F52 /* ViewController.swift in Sources */,
				772756B724EBC47900A54F52 /* CardModel.swift in Sources */,
				772756B924EBC56D00A54F52 /* Card.swift in Sources */,
				772756A324EBB87700A54F52 /* AppDelegate.swift in Sources */,
				7712BEF524EBEBB60002C19D /* CardCollectionViewCell.swift in Sources */,
				777B0A5224EE8BCC0099CD8B /* SoundManager.swift in Sources */,
				772756A524EBB87700A54F52 /* SceneDelegate.swift in Sources */,
			);
			runOnlyForDeploymentPostprocessing = 0;
		};
/* End PBXSourcesBuildPhase section */

/* Begin PBXVariantGroup section */
		772756A824EBB87700A54F52 /* Main.storyboard */ = {
			isa = PBXVariantGroup;
			children = (
				772756A924EBB87700A54F52 /* Base */,
			);
			name = Main.storyboard;
			sourceTree = "<group>";
		};
		772756AD24EBB87D00A54F52 /* LaunchScreen.storyboard */ = {
			isa = PBXVariantGroup;
			children = (
				772756AE24EBB87D00A54F52 /* Base */,
			);
			name = LaunchScreen.storyboard;
			sourceTree = "<group>";
		};
/* End PBXVariantGroup section */

/* Begin XCBuildConfiguration section */
		772756B124EBB87D00A54F52 /* Debug */ = {
			isa = XCBuildConfiguration;
			buildSettings = {
				ALWAYS_SEARCH_USER_PATHS = NO;
				CLANG_ANALYZER_NONNULL = YES;
				CLANG_ANALYZER_NUMBER_OBJECT_CONVERSION = YES_AGGRESSIVE;
				CLANG_CXX_LANGUAGE_STANDARD = "gnu++14";
				CLANG_CXX_LIBRARY = "libc++";
				CLANG_ENABLE_MODULES = YES;
				CLANG_ENABLE_OBJC_ARC = YES;
				CLANG_ENABLE_OBJC_WEAK = YES;
				CLANG_WARN_BLOCK_CAPTURE_AUTORELEASING = YES;
				CLANG_WARN_BOOL_CONVERSION = YES;
				CLANG_WARN_COMMA = YES;
				CLANG_WARN_CONSTANT_CONVERSION = YES;
				CLANG_WARN_DEPRECATED_OBJC_IMPLEMENTATIONS = YES;
				CLANG_WARN_DIRECT_OBJC_ISA_USAGE = YES_ERROR;
				CLANG_WARN_DOCUMENTATION_COMMENTS = YES;
				CLANG_WARN_EMPTY_BODY = YES;
				CLANG_WARN_ENUM_CONVERSION = YES;
				CLANG_WARN_INFINITE_RECURSION = YES;
				CLANG_WARN_INT_CONVERSION = YES;
				CLANG_WARN_NON_LITERAL_NULL_CONVERSION = YES;
				CLANG_WARN_OBJC_IMPLICIT_RETAIN_SELF = YES;
				CLANG_WARN_OBJC_LITERAL_CONVERSION = YES;
				CLANG_WARN_OBJC_ROOT_CLASS = YES_ERROR;
				CLANG_WARN_RANGE_LOOP_ANALYSIS = YES;
				CLANG_WARN_STRICT_PROTOTYPES = YES;
				CLANG_WARN_SUSPICIOUS_MOVE = YES;
				CLANG_WARN_UNGUARDED_AVAILABILITY = YES_AGGRESSIVE;
				CLANG_WARN_UNREACHABLE_CODE = YES;
				CLANG_WARN__DUPLICATE_METHOD_MATCH = YES;
				COPY_PHASE_STRIP = NO;
				DEBUG_INFORMATION_FORMAT = dwarf;
				ENABLE_STRICT_OBJC_MSGSEND = YES;
				ENABLE_TESTABILITY = YES;
				GCC_C_LANGUAGE_STANDARD = gnu11;
				GCC_DYNAMIC_NO_PIC = NO;
				GCC_NO_COMMON_BLOCKS = YES;
				GCC_OPTIMIZATION_LEVEL = 0;
				GCC_PREPROCESSOR_DEFINITIONS = (
					"DEBUG=1",
					"$(inherited)",
				);
				GCC_WARN_64_TO_32_BIT_CONVERSION = YES;
				GCC_WARN_ABOUT_RETURN_TYPE = YES_ERROR;
				GCC_WARN_UNDECLARED_SELECTOR = YES;
				GCC_WARN_UNINITIALIZED_AUTOS = YES_AGGRESSIVE;
				GCC_WARN_UNUSED_FUNCTION = YES;
				GCC_WARN_UNUSED_VARIABLE = YES;
				IPHONEOS_DEPLOYMENT_TARGET = 13.6;
				MTL_ENABLE_DEBUG_INFO = INCLUDE_SOURCE;
				MTL_FAST_MATH = YES;
				ONLY_ACTIVE_ARCH = YES;
				SDKROOT = iphoneos;
				SWIFT_ACTIVE_COMPILATION_CONDITIONS = DEBUG;
				SWIFT_OPTIMIZATION_LEVEL = "-Onone";
			};
			name = Debug;
		};
		772756B224EBB87D00A54F52 /* Release */ = {
			isa = XCBuildConfiguration;
			buildSettings = {
				ALWAYS_SEARCH_USER_PATHS = NO;
				CLANG_ANALYZER_NONNULL = YES;
				CLANG_ANALYZER_NUMBER_OBJECT_CONVERSION = YES_AGGRESSIVE;
				CLANG_CXX_LANGUAGE_STANDARD = "gnu++14";
				CLANG_CXX_LIBRARY = "libc++";
				CLANG_ENABLE_MODULES = YES;
				CLANG_ENABLE_OBJC_ARC = YES;
				CLANG_ENABLE_OBJC_WEAK = YES;
				CLANG_WARN_BLOCK_CAPTURE_AUTORELEASING = YES;
				CLANG_WARN_BOOL_CONVERSION = YES;
				CLANG_WARN_COMMA = YES;
				CLANG_WARN_CONSTANT_CONVERSION = YES;
				CLANG_WARN_DEPRECATED_OBJC_IMPLEMENTATIONS = YES;
				CLANG_WARN_DIRECT_OBJC_ISA_USAGE = YES_ERROR;
				CLANG_WARN_DOCUMENTATION_COMMENTS = YES;
				CLANG_WARN_EMPTY_BODY = YES;
				CLANG_WARN_ENUM_CONVERSION = YES;
				CLANG_WARN_INFINITE_RECURSION = YES;
				CLANG_WARN_INT_CONVERSION = YES;
				CLANG_WARN_NON_LITERAL_NULL_CONVERSION = YES;
				CLANG_WARN_OBJC_IMPLICIT_RETAIN_SELF = YES;
				CLANG_WARN_OBJC_LITERAL_CONVERSION = YES;
				CLANG_WARN_OBJC_ROOT_CLASS = YES_ERROR;
				CLANG_WARN_RANGE_LOOP_ANALYSIS = YES;
				CLANG_WARN_STRICT_PROTOTYPES = YES;
				CLANG_WARN_SUSPICIOUS_MOVE = YES;
				CLANG_WARN_UNGUARDED_AVAILABILITY = YES_AGGRESSIVE;
				CLANG_WARN_UNREACHABLE_CODE = YES;
				CLANG_WARN__DUPLICATE_METHOD_MATCH = YES;
				COPY_PHASE_STRIP = NO;
				DEBUG_INFORMATION_FORMAT = "dwarf-with-dsym";
				ENABLE_NS_ASSERTIONS = NO;
				ENABLE_STRICT_OBJC_MSGSEND = YES;
				GCC_C_LANGUAGE_STANDARD = gnu11;
				GCC_NO_COMMON_BLOCKS = YES;
				GCC_WARN_64_TO_32_BIT_CONVERSION = YES;
				GCC_WARN_ABOUT_RETURN_TYPE = YES_ERROR;
				GCC_WARN_UNDECLARED_SELECTOR = YES;
				GCC_WARN_UNINITIALIZED_AUTOS = YES_AGGRESSIVE;
				GCC_WARN_UNUSED_FUNCTION = YES;
				GCC_WARN_UNUSED_VARIABLE = YES;
				IPHONEOS_DEPLOYMENT_TARGET = 13.6;
				MTL_ENABLE_DEBUG_INFO = NO;
				MTL_FAST_MATH = YES;
				SDKROOT = iphoneos;
				SWIFT_COMPILATION_MODE = wholemodule;
				SWIFT_OPTIMIZATION_LEVEL = "-O";
				VALIDATE_PRODUCT = YES;
			};
			name = Release;
		};
		772756B424EBB87D00A54F52 /* Debug */ = {
			isa = XCBuildConfiguration;
			buildSettings = {
				ASSETCATALOG_COMPILER_APPICON_NAME = AppIcon;
				CODE_SIGN_STYLE = Automatic;
				DEVELOPMENT_TEAM = M23VGP4XUZ;
				INFOPLIST_FILE = MatchApp/Info.plist;
				LD_RUNPATH_SEARCH_PATHS = (
					"$(inherited)",
					"@executable_path/Frameworks",
				);
				PRODUCT_BUNDLE_IDENTIFIER = com.adwithyamagow.MatchApp;
				PRODUCT_NAME = "$(TARGET_NAME)";
				SWIFT_VERSION = 5.0;
				TARGETED_DEVICE_FAMILY = "1,2";
			};
			name = Debug;
		};
		772756B524EBB87D00A54F52 /* Release */ = {
			isa = XCBuildConfiguration;
			buildSettings = {
				ASSETCATALOG_COMPILER_APPICON_NAME = AppIcon;
				CODE_SIGN_STYLE = Automatic;
				DEVELOPMENT_TEAM = M23VGP4XUZ;
				INFOPLIST_FILE = MatchApp/Info.plist;
				LD_RUNPATH_SEARCH_PATHS = (
					"$(inherited)",
					"@executable_path/Frameworks",
				);
				PRODUCT_BUNDLE_IDENTIFIER = com.adwithyamagow.MatchApp;
				PRODUCT_NAME = "$(TARGET_NAME)";
				SWIFT_VERSION = 5.0;
				TARGETED_DEVICE_FAMILY = "1,2";
			};
			name = Release;
		};
/* End XCBuildConfiguration section */

/* Begin XCConfigurationList section */
		7727569A24EBB87700A54F52 /* Build configuration list for PBXProject "MatchApp" */ = {
			isa = XCConfigurationList;
			buildConfigurations = (
				772756B124EBB87D00A54F52 /* Debug */,
				772756B224EBB87D00A54F52 /* Release */,
			);
			defaultConfigurationIsVisible = 0;
			defaultConfigurationName = Release;
		};
		772756B324EBB87D00A54F52 /* Build configuration list for PBXNativeTarget "MatchApp" */ = {
			isa = XCConfigurationList;
			buildConfigurations = (
				772756B424EBB87D00A54F52 /* Debug */,
				772756B524EBB87D00A54F52 /* Release */,
			);
			defaultConfigurationIsVisible = 0;
			defaultConfigurationName = Release;
		};
/* End XCConfigurationList section */
	};
	rootObject = 7727569724EBB87700A54F52 /* Project object */;
}
